<?xml version="1.0" encoding="utf-8"?>
<Project ToolsVersion="4.0" xmlns="http://schemas.microsoft.com/developer/msbuild/2003">
  <ItemGroup>
    <Filter Include="Source Files">
      <UniqueIdentifier>{4FC737F1-C7A5-4376-A066-2A32D752A2FF}</UniqueIdentifier>
      <Extensions>cpp;c;cc;cxx;def;odl;idl;hpj;bat;asm;asmx</Extensions>
    </Filter>
    <Filter Include="Header Files">
      <UniqueIdentifier>{93995380-89BD-4b04-88EB-625FBE52EBFB}</UniqueIdentifier>
      <Extensions>h;hpp;hxx;hm;inl;inc;xsd</Extensions>
    </Filter>
    <Filter Include="Resource Files">
      <UniqueIdentifier>{67DA6AB6-F800-4c08-8B7A-83BB121AAD01}</UniqueIdentifier>
      <Extensions>rc;ico;cur;bmp;dlg;rc2;rct;bin;rgs;gif;jpg;jpeg;jpe;resx;tiff;tif;png;wav;mfcribbon-ms</Extensions>
    </Filter>
    <Filter Include="Header Files\logger">
      <UniqueIdentifier>{6f99dda8-9376-42c7-8994-5990078e1266}</UniqueIdentifier>
    </Filter>
    <Filter Include="Header Files\string">
      <UniqueIdentifier>{944474ed-3edf-4b91-9027-f9721c15da09}</UniqueIdentifier>
    </Filter>
    <Filter Include="Source Files\string">
      <UniqueIdentifier>{4dad79f5-403a-424b-b102-5818f38f4c86}</UniqueIdentifier>
    </Filter>
    <Filter Include="Header Files\timer">
      <UniqueIdentifier>{e32f0b5b-b75f-4ddb-af70-f54c9c22f236}</UniqueIdentifier>
    </Filter>
    <Filter Include="Source Files\timer">
      <UniqueIdentifier>{0fd439a2-bb9b-489d-b081-19fb83331efd}</UniqueIdentifier>
    </Filter>
    <Filter Include="Header Files\algorithm">
      <UniqueIdentifier>{065ebe41-0312-44f9-b2d8-7c2f8e06d575}</UniqueIdentifier>
    </Filter>
    <Filter Include="Source Files\algorithm">
      <UniqueIdentifier>{e9e37197-e969-4d8b-8d8c-508fc440d62f}</UniqueIdentifier>
    </Filter>
    <Filter Include="Header Files\type">
      <UniqueIdentifier>{c2a4ba38-35d6-4a09-97fe-61678b8af297}</UniqueIdentifier>
    </Filter>
    <Filter Include="Header Files\type\win">
      <UniqueIdentifier>{3c31606d-ac29-4514-a0cc-4c88267c4e85}</UniqueIdentifier>
    </Filter>
    <Filter Include="Header Files\type\linux">
      <UniqueIdentifier>{40f6aeb9-586c-4954-9b05-4060a2b3b231}</UniqueIdentifier>
    </Filter>
    <Filter Include="Header Files\thread">
      <UniqueIdentifier>{09dbe189-4bdb-485b-a5ff-eec7dd2a0555}</UniqueIdentifier>
    </Filter>
    <Filter Include="Source Files\thread">
      <UniqueIdentifier>{e6c1e794-87ec-4c55-9a37-764efed25f21}</UniqueIdentifier>
    </Filter>
    <Filter Include="Header Files\thread\linux">
      <UniqueIdentifier>{5417c960-9d68-4d1a-8c39-c432b4d1ea3f}</UniqueIdentifier>
    </Filter>
    <Filter Include="Header Files\thread\win">
      <UniqueIdentifier>{854bee77-ec06-4d9c-9c7a-cbe811895167}</UniqueIdentifier>
    </Filter>
    <Filter Include="Source Files\thread\linux">
      <UniqueIdentifier>{561e60a7-dae7-4b2f-bf20-878f682c472f}</UniqueIdentifier>
    </Filter>
    <Filter Include="Source Files\thread\win">
      <UniqueIdentifier>{e5d20997-61a8-494a-b2dd-b0a1b321ae35}</UniqueIdentifier>
    </Filter>
    <Filter Include="Header Files\time">
      <UniqueIdentifier>{7ec7de5c-2a2d-43c3-b29d-8ef6be8290b8}</UniqueIdentifier>
    </Filter>
    <Filter Include="Source Files\time">
      <UniqueIdentifier>{848afa0c-3841-49a6-b02e-0481388fbc65}</UniqueIdentifier>
    </Filter>
    <Filter Include="Source Files\time\win">
      <UniqueIdentifier>{7c4c4543-da39-43cd-8ffb-a65c6ff08a10}</UniqueIdentifier>
    </Filter>
    <Filter Include="Source Files\time\linux">
      <UniqueIdentifier>{d8381ecd-a1a3-4870-8df4-e1866d4b239c}</UniqueIdentifier>
    </Filter>
  </ItemGroup>
  <ItemGroup>
    <None Include="ReadMe.txt" />
  </ItemGroup>
  <ItemGroup>
    <ClInclude Include="cube\logger\dbg.h">
      <Filter>Header Files\logger</Filter>
    </ClInclude>
    <ClInclude Include="cube\string\codecvt.h">
      <Filter>Header Files\string</Filter>
    </ClInclude>
    <ClInclude Include="cube\string\trim.h">
      <Filter>Header Files\string</Filter>
    </ClInclude>
    <ClInclude Include="cube\string\case.h">
      <Filter>Header Files\string</Filter>
    </ClInclude>
    <ClInclude Include="cube\string\hex.h">
      <Filter>Header Files\string</Filter>
    </ClInclude>
    <ClInclude Include="cube\timer\task.h">
      <Filter>Header Files\timer</Filter>
    </ClInclude>
    <ClInclude Include="cube\timer\timer.h">
      <Filter>Header Files\timer</Filter>
    </ClInclude>
    <ClInclude Include="cube\type\type.h">
      <Filter>Header Files\type</Filter>
    </ClInclude>
    <ClInclude Include="cube\type\win\type.h">
      <Filter>Header Files\type\win</Filter>
    </ClInclude>
    <ClInclude Include="cube\type\linux\type.h">
      <Filter>Header Files\type\linux</Filter>
    </ClInclude>
    <ClInclude Include="cube\timer\item.h">
      <Filter>Header Files\timer</Filter>
    </ClInclude>
    <ClInclude Include="cube\thread\lock.h">
      <Filter>Header Files\thread</Filter>
    </ClInclude>
    <ClInclude Include="cube\thread\mutex.h">
      <Filter>Header Files\thread</Filter>
    </ClInclude>
    <ClInclude Include="cube\thread\runnable.h">
      <Filter>Header Files\thread</Filter>
    </ClInclude>
    <ClInclude Include="cube\thread\thread.h">
      <Filter>Header Files\thread</Filter>
    </ClInclude>
    <ClInclude Include="cube\thread\thread_exception.h">
      <Filter>Header Files\thread</Filter>
    </ClInclude>
    <ClInclude Include="cube\thread\util.h">
      <Filter>Header Files\thread</Filter>
    </ClInclude>
    <ClInclude Include="cube\thread\win\critical_section.h">
      <Filter>Header Files\thread\win</Filter>
    </ClInclude>
    <ClInclude Include="cube\thread\win\mutex.h">
      <Filter>Header Files\thread\win</Filter>
    </ClInclude>
    <ClInclude Include="cube\thread\win\semaphore.h">
      <Filter>Header Files\thread\win</Filter>
    </ClInclude>
    <ClInclude Include="cube\thread\win\thread.h">
      <Filter>Header Files\thread\win</Filter>
    </ClInclude>
    <ClInclude Include="cube\thread\linux\mutex.h">
      <Filter>Header Files\thread\linux</Filter>
    </ClInclude>
    <ClInclude Include="cube\thread\linux\rwlock.h">
      <Filter>Header Files\thread\linux</Filter>
    </ClInclude>
    <ClInclude Include="cube\thread\linux\thread.h">
      <Filter>Header Files\thread\linux</Filter>
    </ClInclude>
    <ClInclude Include="cube\thread\win\rwlock.h">
      <Filter>Header Files\thread\win</Filter>
    </ClInclude>
    <ClInclude Include="cube\thread\linux\critical_section.h">
      <Filter>Header Files\thread\linux</Filter>
    </ClInclude>
    <ClInclude Include="cube\thread\linux\semaphore.h">
      <Filter>Header Files\thread\linux</Filter>
    </ClInclude>
    <ClInclude Include="cube\thread\condition.h">
      <Filter>Header Files\thread</Filter>
    </ClInclude>
    <ClInclude Include="cube\thread\win\condition.h">
      <Filter>Header Files\thread\win</Filter>
    </ClInclude>
    <ClInclude Include="cube\thread\linux\condition.h">
      <Filter>Header Files\thread\linux</Filter>
    </ClInclude>
    <ClInclude Include="cube\timer\crontab.h">
      <Filter>Header Files\timer</Filter>
    </ClInclude>
    <ClInclude Include="cube\time\time.h">
      <Filter>Header Files\time</Filter>
    </ClInclude>
    <ClInclude Include="cube\time\type.h">
      <Filter>Header Files\time</Filter>
    </ClInclude>
    <ClInclude Include="cube\time\systm.h">
      <Filter>Header Files\time</Filter>
    </ClInclude>
  </ItemGroup>
  <ItemGroup>
    <ClCompile Include="cube\string\win\codecvt.cpp">
      <Filter>Source Files\string</Filter>
    </ClCompile>
    <ClCompile Include="cube\string\trim.cpp">
      <Filter>Source Files\string</Filter>
    </ClCompile>
    <ClCompile Include="cube\string\case.cpp">
      <Filter>Source Files\string</Filter>
    </ClCompile>
    <ClCompile Include="cube\string\hex.cpp">
      <Filter>Source Files\string</Filter>
    </ClCompile>
    <ClCompile Include="cube\thread\win\util.cpp">
      <Filter>Source Files\thread\win</Filter>
    </ClCompile>
    <ClCompile Include="cube\thread\linux\util.cpp">
      <Filter>Source Files\thread\linux</Filter>
    </ClCompile>
    <ClCompile Include="cube\thread\win\critical_section.cpp">
      <Filter>Source Files\thread\win</Filter>
    </ClCompile>
    <ClCompile Include="cube\thread\win\mutex.cpp">
      <Filter>Source Files\thread\win</Filter>
    </ClCompile>
    <ClCompile Include="cube\thread\win\semaphore.cpp">
      <Filter>Source Files\thread\win</Filter>
    </ClCompile>
    <ClCompile Include="cube\thread\win\thread.cpp">
      <Filter>Source Files\thread\win</Filter>
    </ClCompile>
    <ClCompile Include="cube\thread\linux\mutex.cpp">
      <Filter>Source Files\thread\linux</Filter>
    </ClCompile>
    <ClCompile Include="cube\thread\linux\rwlock.cpp">
      <Filter>Source Files\thread\linux</Filter>
    </ClCompile>
    <ClCompile Include="cube\thread\linux\thread.cpp">
      <Filter>Source Files\thread\linux</Filter>
    </ClCompile>
    <ClCompile Include="cube\thread\linux\semaphore.cpp">
      <Filter>Source Files\thread\linux</Filter>
    </ClCompile>
    <ClCompile Include="cube\thread\win\rwlock.cpp">
      <Filter>Source Files\thread\win</Filter>
    </ClCompile>
    <ClCompile Include="cube\thread\win\condition.cpp">
      <Filter>Source Files\thread\win</Filter>
    </ClCompile>
    <ClCompile Include="cube\thread\linux\condition.cpp">
      <Filter>Source Files\thread\linux</Filter>
    </ClCompile>
    <ClCompile Include="cube\timer\timer.cpp">
      <Filter>Source Files\timer</Filter>
    </ClCompile>
    <ClCompile Include="cube\timer\crontab.cpp">
      <Filter>Source Files\timer</Filter>
    </ClCompile>
    <ClCompile Include="cube\time\time.cpp">
      <Filter>Source Files\time</Filter>
    </ClCompile>
    <ClCompile Include="cube\time\linux\systm.cpp">
      <Filter>Source Files\time\linux</Filter>
    </ClCompile>
    <ClCompile Include="cube\time\win\systm.cpp">
      <Filter>Source Files\time\win</Filter>
    </ClCompile>
  </ItemGroup>
</Project>